# This file is automatically @generated by Poetry 1.4.0 and should not be changed by hand.

[[package]]
name = "babel"
version = "2.12.1"
description = "Internationalization utilities"
category = "main"
optional = false
python-versions = ">=3.7"
files = [
    {file = "Babel-2.12.1-py3-none-any.whl", hash = "sha256:b4246fb7677d3b98f501a39d43396d3cafdc8eadb045f4a31be01863f655c610"},
    {file = "Babel-2.12.1.tar.gz", hash = "sha256:cc2d99999cd01d44420ae725a21c9e3711b3aadc7976d6147f622d8581963455"},
]

[[package]]
name = "tkcalendar"
version = "1.6.1"
description = "Calendar and DateEntry widgets for Tkinter"
category = "main"
optional = false
python-versions = "*"
files = [
    {file = "tkcalendar-1.6.1-py3-none-any.whl", hash = "sha256:9d3a80816a7b32d64fab696fa3d2a007fb23c87953267d5e343a38ff4cd7c15c"},
    {file = "tkcalendar-1.6.1.tar.gz", hash = "sha256:5edf958c0a59429e90309e9b805b2e229192bbcab952460247204d7030eea5cf"},
]

[package.dependencies]
babel = "*"

[metadata]
lock-version = "2.0"
python-versions = "^3.10"
content-hash = "2d3e02b3b39d2c5c69c1686e8bc2452b73ae5ce444c14180c86afcdd5d7d9eb5"
