
Microsoft Visual Studio Solution File, Format Version 12.00
# Visual Studio Version 17
VisualStudioVersion = 17.4.33205.214
MinimumVisualStudioVersion = 10.0.40219.1
Project("{8BC9CEB8-8B4A-11D0-8D11-00A0C91BC942}") = "BankingSystem", "BankingSystem\BankingSystem.vcxproj", "{A34A34D0-54BA-4F0E-87DD-BACEDA089BF4}"
EndProject
Global
	GlobalSection(SolutionConfigurationPlatforms) = preSolution
		Debug|x64 = Debug|x64
		Debug|x86 = Debug|x86
		Release|x64 = Release|x64
		Release|x86 = Release|x86
	EndGlobalSection
	GlobalSection(ProjectConfigurationPlatforms) = postSolution
		{A34A34D0-54BA-4F0E-87DD-BACEDA089BF4}.Debug|x64.ActiveCfg = Debug|x64
		{A34A34D0-54BA-4F0E-87DD-BACEDA089BF4}.Debug|x64.Build.0 = Debug|x64
		{A34A34D0-54BA-4F0E-87DD-BACEDA089BF4}.Debug|x86.ActiveCfg = Debug|Win32
		{A34A34D0-54BA-4F0E-87DD-BACEDA089BF4}.Debug|x86.Build.0 = Debug|Win32
		{A34A34D0-54BA-4F0E-87DD-BACEDA089BF4}.Release|x64.ActiveCfg = Release|x64
		{A34A34D0-54BA-4F0E-87DD-BACEDA089BF4}.Release|x64.Build.0 = Release|x64
		{A34A34D0-54BA-4F0E-87DD-BACEDA089BF4}.Release|x86.ActiveCfg = Release|Win32
		{A34A34D0-54BA-4F0E-87DD-BACEDA089BF4}.Release|x86.Build.0 = Release|Win32
	EndGlobalSection
	GlobalSection(SolutionProperties) = preSolution
		HideSolutionNode = FALSE
	EndGlobalSection
	GlobalSection(ExtensibilityGlobals) = postSolution
		SolutionGuid = {7C337237-4E5B-4D19-B979-8810F3D018C4}
	EndGlobalSection
EndGlobal
